
Microsoft Visual Studio Solution File, Format Version 12.00
# Visual Studio 15
VisualStudioVersion = 15.0.28307.1972
MinimumVisualStudioVersion = 10.0.40219.1
Project("{FAE04EC0-301F-11D3-BF4B-00C04F79EFBC}") = "TestNuxiba", "TestNuxiba\TestNuxiba.csproj", "{3B0B7DA0-B0DA-4925-BA66-4755B8E563CF}"
EndProject
Global
	GlobalSection(SolutionConfigurationPlatforms) = preSolution
		Debug|Any CPU = Debug|Any CPU
		Release|Any CPU = Release|Any CPU
	EndGlobalSection
	GlobalSection(ProjectConfigurationPlatforms) = postSolution
		{3B0B7DA0-B0DA-4925-BA66-4755B8E563CF}.Debug|Any CPU.ActiveCfg = Debug|Any CPU
		{3B0B7DA0-B0DA-4925-BA66-4755B8E563CF}.Debug|Any CPU.Build.0 = Debug|Any CPU
		{3B0B7DA0-B0DA-4925-BA66-4755B8E563CF}.Release|Any CPU.ActiveCfg = Release|Any CPU
		{3B0B7DA0-B0DA-4925-BA66-4755B8E563CF}.Release|Any CPU.Build.0 = Release|Any CPU
	EndGlobalSection
	GlobalSection(SolutionProperties) = preSolution
		HideSolutionNode = FALSE
	EndGlobalSection
	GlobalSection(ExtensibilityGlobals) = postSolution
		SolutionGuid = {DA04AFFC-0361-4C7C-A6C6-EF1CD8BA19E6}
	EndGlobalSection
EndGlobal
